
Microsoft Visual Studio Solution File, Format Version 12.00
# Visual Studio 2015
Project("{FAE04EC0-301F-11D3-BF4B-00C04F79EFBC}") = "Fencing101", "Fencing101.csproj", "{69EC7C18-2231-E703-BB6C-D05A4227A2EE}"
EndProject
Project("{FAE04EC0-301F-11D3-BF4B-00C04F79EFBC}") = "Fencing101.Editor", "Fencing101.Editor.csproj", "{162B9850-A6D4-6793-2DCD-5EA76810033F}"
EndProject
Global
	GlobalSection(SolutionConfigurationPlatforms) = preSolution
		Debug|Any CPU = Debug|Any CPU
		Release|Any CPU = Release|Any CPU
	EndGlobalSection
	GlobalSection(ProjectConfigurationPlatforms) = postSolution
		{69EC7C18-2231-E703-BB6C-D05A4227A2EE}.Debug|Any CPU.ActiveCfg = Debug|Any CPU
		{69EC7C18-2231-E703-BB6C-D05A4227A2EE}.Debug|Any CPU.Build.0 = Debug|Any CPU
		{69EC7C18-2231-E703-BB6C-D05A4227A2EE}.Release|Any CPU.ActiveCfg = Release|Any CPU
		{69EC7C18-2231-E703-BB6C-D05A4227A2EE}.Release|Any CPU.Build.0 = Release|Any CPU
		{162B9850-A6D4-6793-2DCD-5EA76810033F}.Debug|Any CPU.ActiveCfg = Debug|Any CPU
		{162B9850-A6D4-6793-2DCD-5EA76810033F}.Debug|Any CPU.Build.0 = Debug|Any CPU
		{162B9850-A6D4-6793-2DCD-5EA76810033F}.Release|Any CPU.ActiveCfg = Release|Any CPU
		{162B9850-A6D4-6793-2DCD-5EA76810033F}.Release|Any CPU.Build.0 = Release|Any CPU
	EndGlobalSection
	GlobalSection(SolutionProperties) = preSolution
		HideSolutionNode = FALSE
	EndGlobalSection
EndGlobal
